
Microsoft Visual Studio Solution File, Format Version 12.00
# Visual Studio 2013
VisualStudioVersion = 12.0.30723.0
MinimumVisualStudioVersion = 10.0.40219.1
Project("{FAE04EC0-301F-11D3-BF4B-00C04F79EFBC}") = "Gecko.Application", "Gecko.Application\Gecko.Application.csproj", "{35104EB5-7F2B-482F-A222-C65BE47A3339}"
EndProject
Project("{FAE04EC0-301F-11D3-BF4B-00C04F79EFBC}") = "Gecko.Security", "Gecko.Security\Gecko.Security.csproj", "{E94A431A-FEBD-488B-B8FC-97815CAB9B26}"
EndProject
Global
	GlobalSection(SolutionConfigurationPlatforms) = preSolution
		Debug|Any CPU = Debug|Any CPU
		Release|Any CPU = Release|Any CPU
	EndGlobalSection
	GlobalSection(ProjectConfigurationPlatforms) = postSolution
		{35104EB5-7F2B-482F-A222-C65BE47A3339}.Debug|Any CPU.ActiveCfg = Debug|Any CPU
		{35104EB5-7F2B-482F-A222-C65BE47A3339}.Debug|Any CPU.Build.0 = Debug|Any CPU
		{35104EB5-7F2B-482F-A222-C65BE47A3339}.Release|Any CPU.ActiveCfg = Release|Any CPU
		{35104EB5-7F2B-482F-A222-C65BE47A3339}.Release|Any CPU.Build.0 = Release|Any CPU
		{E94A431A-FEBD-488B-B8FC-97815CAB9B26}.Debug|Any CPU.ActiveCfg = Debug|Any CPU
		{E94A431A-FEBD-488B-B8FC-97815CAB9B26}.Debug|Any CPU.Build.0 = Debug|Any CPU
		{E94A431A-FEBD-488B-B8FC-97815CAB9B26}.Release|Any CPU.ActiveCfg = Release|Any CPU
		{E94A431A-FEBD-488B-B8FC-97815CAB9B26}.Release|Any CPU.Build.0 = Release|Any CPU
	EndGlobalSection
	GlobalSection(SolutionProperties) = preSolution
		HideSolutionNode = FALSE
	EndGlobalSection
EndGlobal
